
Microsoft Visual Studio Solution File, Format Version 12.00
# Visual Studio Version 16
VisualStudioVersion = 16.0.31129.286
MinimumVisualStudioVersion = 10.0.40219.1
Project("{FAE04EC0-301F-11D3-BF4B-00C04F79EFBC}") = "FieldLevel", "FieldLevel\FieldLevel.csproj", "{10B0AA22-4632-441F-AD8A-E9C3EFEE919A}"
EndProject
Global
	GlobalSection(SolutionConfigurationPlatforms) = preSolution
		Debug|Any CPU = Debug|Any CPU
		Release|Any CPU = Release|Any CPU
	EndGlobalSection
	GlobalSection(ProjectConfigurationPlatforms) = postSolution
		{10B0AA22-4632-441F-AD8A-E9C3EFEE919A}.Debug|Any CPU.ActiveCfg = Debug|Any CPU
		{10B0AA22-4632-441F-AD8A-E9C3EFEE919A}.Debug|Any CPU.Build.0 = Debug|Any CPU
		{10B0AA22-4632-441F-AD8A-E9C3EFEE919A}.Release|Any CPU.ActiveCfg = Release|Any CPU
		{10B0AA22-4632-441F-AD8A-E9C3EFEE919A}.Release|Any CPU.Build.0 = Release|Any CPU
	EndGlobalSection
	GlobalSection(SolutionProperties) = preSolution
		HideSolutionNode = FALSE
	EndGlobalSection
	GlobalSection(ExtensibilityGlobals) = postSolution
		SolutionGuid = {3F6CA066-3D7D-4140-A915-61989F0F7127}
	EndGlobalSection
EndGlobal
